// !$*UTF8*$!
{
	archiveVersion = 1;
	classes = {
	};
	objectVersion = 46;
	objects = {

/* Begin PBXBuildFile section */
		0E7581F2AC2B7B2752E03F60 /* libPods-CardTalkProject_Final.a in Frameworks */ = {isa = PBXBuildFile; fileRef = 6D63C4BD3361E3C4941A74A4 /* libPods-CardTalkProject_Final.a */; };
		302B3D7E1B1940EE00BEBD99 /* KHMainTableViewDataSource.m in Sources */ = {isa = PBXBuildFile; fileRef = 302B3D7D1B1940EE00BEBD99 /* KHMainTableViewDataSource.m */; };
		302B3D811B194B6300BEBD99 /* KHMainViewController.m in Sources */ = {isa = PBXBuildFile; fileRef = 302B3D801B194B6300BEBD99 /* KHMainViewController.m */; };
		302B3D841B19516900BEBD99 /* KHDetailViewController.m in Sources */ = {isa = PBXBuildFile; fileRef = 302B3D831B19516900BEBD99 /* KHDetailViewController.m */; };
		302B3D871B19524C00BEBD99 /* KHDetailTableViewDataSource.m in Sources */ = {isa = PBXBuildFile; fileRef = 302B3D861B19524C00BEBD99 /* KHDetailTableViewDataSource.m */; };
		302B3D8B1B195C2900BEBD99 /* KHMainImageViewCell.m in Sources */ = {isa = PBXBuildFile; fileRef = 302B3D8A1B195C2900BEBD99 /* KHMainImageViewCell.m */; };
		302B3DC31B1AA6C200BEBD99 /* KHLoginViewController.m in Sources */ = {isa = PBXBuildFile; fileRef = 302B3DC21B1AA6C200BEBD99 /* KHLoginViewController.m */; };
		302B3DC61B1AA74B00BEBD99 /* KHLoginView.m in Sources */ = {isa = PBXBuildFile; fileRef = 302B3DC51B1AA74B00BEBD99 /* KHLoginView.m */; };
		302B3DC91B1B2B6E00BEBD99 /* KHHostModel.m in Sources */ = {isa = PBXBuildFile; fileRef = 302B3DC81B1B2B6E00BEBD99 /* KHHostModel.m */; };
		30593F921B1B521B0067EBA8 /* KHAMQPTests.m in Sources */ = {isa = PBXBuildFile; fileRef = 30593F911B1B521B0067EBA8 /* KHAMQPTests.m */; };
		305940FF1B1B88D50067EBA8 /* KHWriteViewController.m in Sources */ = {isa = PBXBuildFile; fileRef = 305940FE1B1B88D50067EBA8 /* KHWriteViewController.m */; };
		305941051B1BEED10067EBA8 /* KHDetailViewCell.m in Sources */ = {isa = PBXBuildFile; fileRef = 305941041B1BEED10067EBA8 /* KHDetailViewCell.m */; };
		305941091B1C0ACE0067EBA8 /* KHChatViewCell.m in Sources */ = {isa = PBXBuildFile; fileRef = 305941081B1C0ACE0067EBA8 /* KHChatViewCell.m */; };
		306F5E161B16F8AF00EC6A69 /* FakeKHCardBuilder.m in Sources */ = {isa = PBXBuildFile; fileRef = 306F5E151B16F8AF00EC6A69 /* FakeKHCardBuilder.m */; };
		306F5E191B17210C00EC6A69 /* KHCardBuilder.m in Sources */ = {isa = PBXBuildFile; fileRef = 306F5E181B17210C00EC6A69 /* KHCardBuilder.m */; };
		308AA6CC1B1534A200789924 /* main.m in Sources */ = {isa = PBXBuildFile; fileRef = 308AA6CB1B1534A200789924 /* main.m */; };
		308AA6CF1B1534A200789924 /* AppDelegate.m in Sources */ = {isa = PBXBuildFile; fileRef = 308AA6CE1B1534A200789924 /* AppDelegate.m */; };
		308AA6D81B1534A200789924 /* Main.storyboard in Resources */ = {isa = PBXBuildFile; fileRef = 308AA6D61B1534A200789924 /* Main.storyboard */; };
		308AA6DA1B1534A200789924 /* Images.xcassets in Resources */ = {isa = PBXBuildFile; fileRef = 308AA6D91B1534A200789924 /* Images.xcassets */; };
		308AA6DD1B1534A200789924 /* LaunchScreen.xib in Resources */ = {isa = PBXBuildFile; fileRef = 308AA6DB1B1534A200789924 /* LaunchScreen.xib */; };
		308AA6E91B1534A300789924 /* CardTalkProject_FinalTests.m in Sources */ = {isa = PBXBuildFile; fileRef = 308AA6E81B1534A300789924 /* CardTalkProject_FinalTests.m */; };
		308AA6FA1B1535E100789924 /* KHCardModel.m in Sources */ = {isa = PBXBuildFile; fileRef = 308AA6F91B1535E100789924 /* KHCardModel.m */; };
		308AA6FD1B1535F300789924 /* KHChatModel.m in Sources */ = {isa = PBXBuildFile; fileRef = 308AA6FC1B1535F300789924 /* KHChatModel.m */; };
		308AA6FF1B15394D00789924 /* CardModelTests.m in Sources */ = {isa = PBXBuildFile; fileRef = 308AA6FE1B15394D00789924 /* CardModelTests.m */; };
		308AA7021B15954F00789924 /* KHBasicModel.m in Sources */ = {isa = PBXBuildFile; fileRef = 308AA7011B15954F00789924 /* KHBasicModel.m */; };
		308AA7051B15BADC00789924 /* KHImageFileModel.m in Sources */ = {isa = PBXBuildFile; fileRef = 308AA7041B15BADC00789924 /* KHImageFileModel.m */; };
		308AA7081B15BAEA00789924 /* KHUserModel.m in Sources */ = {isa = PBXBuildFile; fileRef = 308AA7071B15BAEA00789924 /* KHUserModel.m */; };
		308AA70A1B15D45D00789924 /* ImageFileModelTests.m in Sources */ = {isa = PBXBuildFile; fileRef = 308AA7091B15D45D00789924 /* ImageFileModelTests.m */; };
		308AA70C1B16019000789924 /* ChatModelTests.m in Sources */ = {isa = PBXBuildFile; fileRef = 308AA70B1B16019000789924 /* ChatModelTests.m */; };
		308AA70F1B16054100789924 /* KHRoomModel.m in Sources */ = {isa = PBXBuildFile; fileRef = 308AA70E1B16054100789924 /* KHRoomModel.m */; };
		308AA7111B16093D00789924 /* RoomModelTest.m in Sources */ = {isa = PBXBuildFile; fileRef = 308AA7101B16093D00789924 /* RoomModelTest.m */; };
		308AA7141B16958100789924 /* CardCreationWorkFlowTests.m in Sources */ = {isa = PBXBuildFile; fileRef = 308AA7131B16958100789924 /* CardCreationWorkFlowTests.m */; };
		308AA7171B1695C600789924 /* KHCardTalkDataManager.m in Sources */ = {isa = PBXBuildFile; fileRef = 308AA7161B1695C600789924 /* KHCardTalkDataManager.m */; };
		308AA7181B1695C600789924 /* KHCardTalkDataManager.m in Sources */ = {isa = PBXBuildFile; fileRef = 308AA7161B1695C600789924 /* KHCardTalkDataManager.m */; };
		308AA71C1B16999800789924 /* MockKHCardTalkDataManagerDelegate.m in Sources */ = {isa = PBXBuildFile; fileRef = 308AA71B1B16999800789924 /* MockKHCardTalkDataManagerDelegate.m */; };
		308AA71F1B169E9600789924 /* MockKHCardTalkCommunicator.m in Sources */ = {isa = PBXBuildFile; fileRef = 308AA71E1B169E9600789924 /* MockKHCardTalkCommunicator.m */; };
		308AA7221B16A37C00789924 /* KHCardTalkCommunicator.m in Sources */ = {isa = PBXBuildFile; fileRef = 308AA7211B16A37C00789924 /* KHCardTalkCommunicator.m */; };
		30BF3CB91B1DBB62008F4776 /* KHRealmCardModel.m in Sources */ = {isa = PBXBuildFile; fileRef = 30BF3CB81B1DBB62008F4776 /* KHRealmCardModel.m */; };
		30D212BF1B177974008E494C /* CardBuilderTests.m in Sources */ = {isa = PBXBuildFile; fileRef = 30D212BE1B177974008E494C /* CardBuilderTests.m */; };
		30D212C11B17EE18008E494C /* CommunicatorTests.m in Sources */ = {isa = PBXBuildFile; fileRef = 30D212C01B17EE18008E494C /* CommunicatorTests.m */; };
		30D212C41B1802EC008E494C /* KHChatBuilder.m in Sources */ = {isa = PBXBuildFile; fileRef = 30D212C31B1802EC008E494C /* KHChatBuilder.m */; };
		30D212CC1B187238008E494C /* KHImageStore.m in Sources */ = {isa = PBXBuildFile; fileRef = 30D212CB1B187238008E494C /* KHImageStore.m */; };
		30D212CF1B18725F008E494C /* KHRoomStore.m in Sources */ = {isa = PBXBuildFile; fileRef = 30D212CE1B18725F008E494C /* KHRoomStore.m */; };
		30D212D31B18728A008E494C /* KHImageCommunicator.m in Sources */ = {isa = PBXBuildFile; fileRef = 30D212D21B18728A008E494C /* KHImageCommunicator.m */; };
		30D212D71B187C61008E494C /* KHCardTalkObjectConfiguration.m in Sources */ = {isa = PBXBuildFile; fileRef = 30D212D61B187C61008E494C /* KHCardTalkObjectConfiguration.m */; };
		30E9FA111B18913700B8705C /* KHRealmTests.m in Sources */ = {isa = PBXBuildFile; fileRef = 30E9FA101B18913700B8705C /* KHRealmTests.m */; };
		30E9FA141B1894A200B8705C /* KHRealmTestRoomModel.m in Sources */ = {isa = PBXBuildFile; fileRef = 30E9FA131B1894A200B8705C /* KHRealmTestRoomModel.m */; };
		30E9FA181B1895CD00B8705C /* KHRealmTestChatModel.m in Sources */ = {isa = PBXBuildFile; fileRef = 30E9FA171B1895CD00B8705C /* KHRealmTestChatModel.m */; };
		30E9FA1B1B18977B00B8705C /* KHRealmTestUserModel.m in Sources */ = {isa = PBXBuildFile; fileRef = 30E9FA1A1B18977B00B8705C /* KHRealmTestUserModel.m */; };
		41609274006D74C4A6172CD6 /* libPods-CardTalkProject_FinalTests.a in Frameworks */ = {isa = PBXBuildFile; fileRef = E7648328F88BC5EE4E2B7A01 /* libPods-CardTalkProject_FinalTests.a */; };
/* End PBXBuildFile section */

/* Begin PBXContainerItemProxy section */
		308AA6E31B1534A200789924 /* PBXContainerItemProxy */ = {
			isa = PBXContainerItemProxy;
			containerPortal = 308AA6BE1B1534A200789924 /* Project object */;
			proxyType = 1;
			remoteGlobalIDString = 308AA6C51B1534A200789924;
			remoteInfo = CardTalkProject_Final;
		};
/* End PBXContainerItemProxy section */

/* Begin PBXFileReference section */
		302B3D7C1B1940EE00BEBD99 /* KHMainTableViewDataSource.h */ = {isa = PBXFileReference; fileEncoding = 4; lastKnownFileType = sourcecode.c.h; path = KHMainTableViewDataSource.h; sourceTree = "<group>"; };
		302B3D7D1B1940EE00BEBD99 /* KHMainTableViewDataSource.m */ = {isa = PBXFileReference; fileEncoding = 4; lastKnownFileType = sourcecode.c.objc; path = KHMainTableViewDataSource.m; sourceTree = "<group>"; };
		302B3D7F1B194B6300BEBD99 /* KHMainViewController.h */ = {isa = PBXFileReference; fileEncoding = 4; lastKnownFileType = sourcecode.c.h; path = KHMainViewController.h; sourceTree = "<group>"; };
		302B3D801B194B6300BEBD99 /* KHMainViewController.m */ = {isa = PBXFileReference; fileEncoding = 4; lastKnownFileType = sourcecode.c.objc; path = KHMainViewController.m; sourceTree = "<group>"; };
		302B3D821B19516900BEBD99 /* KHDetailViewController.h */ = {isa = PBXFileReference; fileEncoding = 4; lastKnownFileType = sourcecode.c.h; path = KHDetailViewController.h; sourceTree = "<group>"; };
		302B3D831B19516900BEBD99 /* KHDetailViewController.m */ = {isa = PBXFileReference; fileEncoding = 4; lastKnownFileType = sourcecode.c.objc; path = KHDetailViewController.m; sourceTree = "<group>"; };
		302B3D851B19524C00BEBD99 /* KHDetailTableViewDataSource.h */ = {isa = PBXFileReference; fileEncoding = 4; lastKnownFileType = sourcecode.c.h; path = KHDetailTableViewDataSource.h; sourceTree = "<group>"; };
		302B3D861B19524C00BEBD99 /* KHDetailTableViewDataSource.m */ = {isa = PBXFileReference; fileEncoding = 4; lastKnownFileType = sourcecode.c.objc; path = KHDetailTableViewDataSource.m; sourceTree = "<group>"; };
		302B3D891B195C2900BEBD99 /* KHMainImageViewCell.h */ = {isa = PBXFileReference; fileEncoding = 4; lastKnownFileType = sourcecode.c.h; path = KHMainImageViewCell.h; sourceTree = "<group>"; };
		302B3D8A1B195C2900BEBD99 /* KHMainImageViewCell.m */ = {isa = PBXFileReference; fileEncoding = 4; lastKnownFileType = sourcecode.c.objc; path = KHMainImageViewCell.m; sourceTree = "<group>"; };
		302B3DC11B1AA6C200BEBD99 /* KHLoginViewController.h */ = {isa = PBXFileReference; fileEncoding = 4; lastKnownFileType = sourcecode.c.h; path = KHLoginViewController.h; sourceTree = "<group>"; };
		302B3DC21B1AA6C200BEBD99 /* KHLoginViewController.m */ = {isa = PBXFileReference; fileEncoding = 4; lastKnownFileType = sourcecode.c.objc; path = KHLoginViewController.m; sourceTree = "<group>"; };
		302B3DC41B1AA74B00BEBD99 /* KHLoginView.h */ = {isa = PBXFileReference; fileEncoding = 4; lastKnownFileType = sourcecode.c.h; path = KHLoginView.h; sourceTree = "<group>"; };
		302B3DC51B1AA74B00BEBD99 /* KHLoginView.m */ = {isa = PBXFileReference; fileEncoding = 4; lastKnownFileType = sourcecode.c.objc; path = KHLoginView.m; sourceTree = "<group>"; };
		302B3DC71B1B2B6E00BEBD99 /* KHHostModel.h */ = {isa = PBXFileReference; fileEncoding = 4; lastKnownFileType = sourcecode.c.h; path = KHHostModel.h; sourceTree = "<group>"; };
		302B3DC81B1B2B6E00BEBD99 /* KHHostModel.m */ = {isa = PBXFileReference; fileEncoding = 4; lastKnownFileType = sourcecode.c.objc; path = KHHostModel.m; sourceTree = "<group>"; };
		30593F2F1B1B4D840067EBA8 /* librabbitmq-objc */ = {isa = PBXFileReference; lastKnownFileType = folder; name = "librabbitmq-objc"; path = "../../../librabbitmq-objc"; sourceTree = "<group>"; };
		30593F621B1B4FCF0067EBA8 /* librabbitmq.a */ = {isa = PBXFileReference; lastKnownFileType = archive.ar; name = librabbitmq.a; path = "../../../librabbitmq-objc/rabbitmq-c/librabbitmq.a"; sourceTree = "<group>"; };
		30593F651B1B500C0067EBA8 /* AMQPChannel.h */ = {isa = PBXFileReference; lastKnownFileType = sourcecode.c.h; name = AMQPChannel.h; path = "../../../librabbitmq-objc/AMQPChannel.h"; sourceTree = "<group>"; };
		30593F661B1B500C0067EBA8 /* AMQPChannel.m */ = {isa = PBXFileReference; lastKnownFileType = sourcecode.c.objc; name = AMQPChannel.m; path = "../../../librabbitmq-objc/AMQPChannel.m"; sourceTree = "<group>"; };
		30593F671B1B500C0067EBA8 /* AMQPConnection.h */ = {isa = PBXFileReference; lastKnownFileType = sourcecode.c.h; name = AMQPConnection.h; path = "../../../librabbitmq-objc/AMQPConnection.h"; sourceTree = "<group>"; };
		30593F681B1B500C0067EBA8 /* AMQPConnection.m */ = {isa = PBXFileReference; lastKnownFileType = sourcecode.c.objc; name = AMQPConnection.m; path = "../../../librabbitmq-objc/AMQPConnection.m"; sourceTree = "<group>"; };
		30593F691B1B500C0067EBA8 /* AMQPConsumer.h */ = {isa = PBXFileReference; lastKnownFileType = sourcecode.c.h; name = AMQPConsumer.h; path = "../../../librabbitmq-objc/AMQPConsumer.h"; sourceTree = "<group>"; };
		30593F6A1B1B500C0067EBA8 /* AMQPConsumer.m */ = {isa = PBXFileReference; lastKnownFileType = sourcecode.c.objc; name = AMQPConsumer.m; path = "../../../librabbitmq-objc/AMQPConsumer.m"; sourceTree = "<group>"; };
		30593F6B1B1B500C0067EBA8 /* AMQPConsumerThread.h */ = {isa = PBXFileReference; lastKnownFileType = sourcecode.c.h; name = AMQPConsumerThread.h; path = "../../../librabbitmq-objc/AMQPConsumerThread.h"; sourceTree = "<group>"; };
		30593F6C1B1B500C0067EBA8 /* AMQPConsumerThread.m */ = {isa = PBXFileReference; lastKnownFileType = sourcecode.c.objc; name = AMQPConsumerThread.m; path = "../../../librabbitmq-objc/AMQPConsumerThread.m"; sourceTree = "<group>"; };
		30593F6D1B1B500C0067EBA8 /* AMQPConsumerThreadDelegate.h */ = {isa = PBXFileReference; lastKnownFileType = sourcecode.c.h; name = AMQPConsumerThreadDelegate.h; path = "../../../librabbitmq-objc/AMQPConsumerThreadDelegate.h"; sourceTree = "<group>"; };
		30593F6E1B1B500C0067EBA8 /* AMQPExchange.h */ = {isa = PBXFileReference; lastKnownFileType = sourcecode.c.h; name = AMQPExchange.h; path = "../../../librabbitmq-objc/AMQPExchange.h"; sourceTree = "<group>"; };
		30593F6F1B1B500C0067EBA8 /* AMQPExchange.m */ = {isa = PBXFileReference; lastKnownFileType = sourcecode.c.objc; name = AMQPExchange.m; path = "../../../librabbitmq-objc/AMQPExchange.m"; sourceTree = "<group>"; };
		30593F701B1B500C0067EBA8 /* AMQPExchange+Additions.h */ = {isa = PBXFileReference; lastKnownFileType = sourcecode.c.h; name = "AMQPExchange+Additions.h"; path = "../../../librabbitmq-objc/AMQPExchange+Additions.h"; sourceTree = "<group>"; };
		30593F711B1B500C0067EBA8 /* AMQPExchange+Additions.m */ = {isa = PBXFileReference; lastKnownFileType = sourcecode.c.objc; name = "AMQPExchange+Additions.m"; path = "../../../librabbitmq-objc/AMQPExchange+Additions.m"; sourceTree = "<group>"; };
		30593F721B1B500C0067EBA8 /* AMQPMessage.h */ = {isa = PBXFileReference; lastKnownFileType = sourcecode.c.h; name = AMQPMessage.h; path = "../../../librabbitmq-objc/AMQPMessage.h"; sourceTree = "<group>"; };
		30593F731B1B500C0067EBA8 /* AMQPMessage.m */ = {isa = PBXFileReference; lastKnownFileType = sourcecode.c.objc; name = AMQPMessage.m; path = "../../../librabbitmq-objc/AMQPMessage.m"; sourceTree = "<group>"; };
		30593F741B1B500C0067EBA8 /* AMQPObject.h */ = {isa = PBXFileReference; lastKnownFileType = sourcecode.c.h; name = AMQPObject.h; path = "../../../librabbitmq-objc/AMQPObject.h"; sourceTree = "<group>"; };
		30593F751B1B500C0067EBA8 /* AMQPObject.m */ = {isa = PBXFileReference; lastKnownFileType = sourcecode.c.objc; name = AMQPObject.m; path = "../../../librabbitmq-objc/AMQPObject.m"; sourceTree = "<group>"; };
		30593F761B1B500C0067EBA8 /* AMQPQueue.h */ = {isa = PBXFileReference; lastKnownFileType = sourcecode.c.h; name = AMQPQueue.h; path = "../../../librabbitmq-objc/AMQPQueue.h"; sourceTree = "<group>"; };
		30593F771B1B500C0067EBA8 /* AMQPQueue.m */ = {isa = PBXFileReference; lastKnownFileType = sourcecode.c.objc; name = AMQPQueue.m; path = "../../../librabbitmq-objc/AMQPQueue.m"; sourceTree = "<group>"; };
		30593F781B1B500C0067EBA8 /* AMQPTTLManager.h */ = {isa = PBXFileReference; lastKnownFileType = sourcecode.c.h; name = AMQPTTLManager.h; path = "../../../librabbitmq-objc/AMQPTTLManager.h"; sourceTree = "<group>"; };
		30593F791B1B500C0067EBA8 /* AMQPTTLManager.m */ = {isa = PBXFileReference; lastKnownFileType = sourcecode.c.objc; name = AMQPTTLManager.m; path = "../../../librabbitmq-objc/AMQPTTLManager.m"; sourceTree = "<group>"; };
		30593F7A1B1B500C0067EBA8 /* AMQPWrapper.h */ = {isa = PBXFileReference; lastKnownFileType = sourcecode.c.h; name = AMQPWrapper.h; path = "../../../librabbitmq-objc/AMQPWrapper.h"; sourceTree = "<group>"; };
		30593F911B1B521B0067EBA8 /* KHAMQPTests.m */ = {isa = PBXFileReference; fileEncoding = 4; lastKnownFileType = sourcecode.c.objc; path = KHAMQPTests.m; sourceTree = "<group>"; };
		30593F931B1B56120067EBA8 /* amqp_framing.h */ = {isa = PBXFileReference; lastKnownFileType = sourcecode.c.h; name = amqp_framing.h; path = "../../../librabbitmq-objc/rabbitmq-c/amqp_framing.h"; sourceTree = "<group>"; };
		30593F941B1B56120067EBA8 /* amqp_hostcheck.h */ = {isa = PBXFileReference; lastKnownFileType = sourcecode.c.h; name = amqp_hostcheck.h; path = "../../../librabbitmq-objc/rabbitmq-c/amqp_hostcheck.h"; sourceTree = "<group>"; };
		30593F951B1B56120067EBA8 /* amqp_private.h */ = {isa = PBXFileReference; lastKnownFileType = sourcecode.c.h; name = amqp_private.h; path = "../../../librabbitmq-objc/rabbitmq-c/amqp_private.h"; sourceTree = "<group>"; };
		30593F961B1B56120067EBA8 /* amqp_socket.h */ = {isa = PBXFileReference; lastKnownFileType = sourcecode.c.h; name = amqp_socket.h; path = "../../../librabbitmq-objc/rabbitmq-c/amqp_socket.h"; sourceTree = "<group>"; };
		30593F971B1B56120067EBA8 /* amqp_ssl_socket.h */ = {isa = PBXFileReference; lastKnownFileType = sourcecode.c.h; name = amqp_ssl_socket.h; path = "../../../librabbitmq-objc/rabbitmq-c/amqp_ssl_socket.h"; sourceTree = "<group>"; };
		30593F981B1B56120067EBA8 /* amqp_tcp_socket.h */ = {isa = PBXFileReference; lastKnownFileType = sourcecode.c.h; name = amqp_tcp_socket.h; path = "../../../librabbitmq-objc/rabbitmq-c/amqp_tcp_socket.h"; sourceTree = "<group>"; };
		30593F991B1B56120067EBA8 /* amqp_timer.h */ = {isa = PBXFileReference; lastKnownFileType = sourcecode.c.h; name = amqp_timer.h; path = "../../../librabbitmq-objc/rabbitmq-c/amqp_timer.h"; sourceTree = "<group>"; };
		30593F9A1B1B56120067EBA8 /* amqp.h */ = {isa = PBXFileReference; lastKnownFileType = sourcecode.c.h; name = amqp.h; path = "../../../librabbitmq-objc/rabbitmq-c/amqp.h"; sourceTree = "<group>"; };
		30593FA31B1B57B50067EBA8 /* LICENSE.md */ = {isa = PBXFileReference; lastKnownFileType = net.daringfireball.markdown; name = LICENSE.md; path = "../../../librabbitmq-objc/LICENSE.md"; sourceTree = "<group>"; };
		305940FD1B1B88D50067EBA8 /* KHWriteViewController.h */ = {isa = PBXFileReference; fileEncoding = 4; lastKnownFileType = sourcecode.c.h; path = KHWriteViewController.h; sourceTree = "<group>"; };
		305940FE1B1B88D50067EBA8 /* KHWriteViewController.m */ = {isa = PBXFileReference; fileEncoding = 4; lastKnownFileType = sourcecode.c.objc; path = KHWriteViewController.m; sourceTree = "<group>"; };
		305941031B1BEED10067EBA8 /* KHDetailViewCell.h */ = {isa = PBXFileReference; fileEncoding = 4; lastKnownFileType = sourcecode.c.h; path = KHDetailViewCell.h; sourceTree = "<group>"; };
		305941041B1BEED10067EBA8 /* KHDetailViewCell.m */ = {isa = PBXFileReference; fileEncoding = 4; lastKnownFileType = sourcecode.c.objc; path = KHDetailViewCell.m; sourceTree = "<group>"; };
		305941071B1C0ACE0067EBA8 /* KHChatViewCell.h */ = {isa = PBXFileReference; fileEncoding = 4; lastKnownFileType = sourcecode.c.h; path = KHChatViewCell.h; sourceTree = "<group>"; };
		305941081B1C0ACE0067EBA8 /* KHChatViewCell.m */ = {isa = PBXFileReference; fileEncoding = 4; lastKnownFileType = sourcecode.c.objc; path = KHChatViewCell.m; sourceTree = "<group>"; };
		306F5E141B16F8AF00EC6A69 /* FakeKHCardBuilder.h */ = {isa = PBXFileReference; fileEncoding = 4; lastKnownFileType = sourcecode.c.h; path = FakeKHCardBuilder.h; sourceTree = "<group>"; };
		306F5E151B16F8AF00EC6A69 /* FakeKHCardBuilder.m */ = {isa = PBXFileReference; fileEncoding = 4; lastKnownFileType = sourcecode.c.objc; path = FakeKHCardBuilder.m; sourceTree = "<group>"; };
		306F5E171B17210C00EC6A69 /* KHCardBuilder.h */ = {isa = PBXFileReference; fileEncoding = 4; lastKnownFileType = sourcecode.c.h; path = KHCardBuilder.h; sourceTree = "<group>"; };
		306F5E181B17210C00EC6A69 /* KHCardBuilder.m */ = {isa = PBXFileReference; fileEncoding = 4; lastKnownFileType = sourcecode.c.objc; path = KHCardBuilder.m; sourceTree = "<group>"; };
		308AA6C61B1534A200789924 /* CardTalkProject_Final.app */ = {isa = PBXFileReference; explicitFileType = wrapper.application; includeInIndex = 0; path = CardTalkProject_Final.app; sourceTree = BUILT_PRODUCTS_DIR; };
		308AA6CA1B1534A200789924 /* Info.plist */ = {isa = PBXFileReference; lastKnownFileType = text.plist.xml; path = Info.plist; sourceTree = "<group>"; };
		308AA6CB1B1534A200789924 /* main.m */ = {isa = PBXFileReference; lastKnownFileType = sourcecode.c.objc; path = main.m; sourceTree = "<group>"; };
		308AA6CD1B1534A200789924 /* AppDelegate.h */ = {isa = PBXFileReference; lastKnownFileType = sourcecode.c.h; path = AppDelegate.h; sourceTree = "<group>"; };
		308AA6CE1B1534A200789924 /* AppDelegate.m */ = {isa = PBXFileReference; lastKnownFileType = sourcecode.c.objc; path = AppDelegate.m; sourceTree = "<group>"; };
		308AA6D71B1534A200789924 /* Base */ = {isa = PBXFileReference; lastKnownFileType = file.storyboard; name = Base; path = Base.lproj/Main.storyboard; sourceTree = "<group>"; };
		308AA6D91B1534A200789924 /* Images.xcassets */ = {isa = PBXFileReference; lastKnownFileType = folder.assetcatalog; path = Images.xcassets; sourceTree = "<group>"; };
		308AA6DC1B1534A200789924 /* Base */ = {isa = PBXFileReference; lastKnownFileType = file.xib; name = Base; path = Base.lproj/LaunchScreen.xib; sourceTree = "<group>"; };
		308AA6E21B1534A200789924 /* CardTalkProject_FinalTests.xctest */ = {isa = PBXFileReference; explicitFileType = wrapper.cfbundle; includeInIndex = 0; path = CardTalkProject_FinalTests.xctest; sourceTree = BUILT_PRODUCTS_DIR; };
		308AA6E71B1534A300789924 /* Info.plist */ = {isa = PBXFileReference; lastKnownFileType = text.plist.xml; path = Info.plist; sourceTree = "<group>"; };
		308AA6E81B1534A300789924 /* CardTalkProject_FinalTests.m */ = {isa = PBXFileReference; lastKnownFileType = sourcecode.c.objc; path = CardTalkProject_FinalTests.m; sourceTree = "<group>"; };
		308AA6F81B1535E100789924 /* KHCardModel.h */ = {isa = PBXFileReference; fileEncoding = 4; lastKnownFileType = sourcecode.c.h; path = KHCardModel.h; sourceTree = "<group>"; };
		308AA6F91B1535E100789924 /* KHCardModel.m */ = {isa = PBXFileReference; fileEncoding = 4; lastKnownFileType = sourcecode.c.objc; path = KHCardModel.m; sourceTree = "<group>"; };
		308AA6FB1B1535F300789924 /* KHChatModel.h */ = {isa = PBXFileReference; fileEncoding = 4; lastKnownFileType = sourcecode.c.h; path = KHChatModel.h; sourceTree = "<group>"; };
		308AA6FC1B1535F300789924 /* KHChatModel.m */ = {isa = PBXFileReference; fileEncoding = 4; lastKnownFileType = sourcecode.c.objc; path = KHChatModel.m; sourceTree = "<group>"; };
		308AA6FE1B15394D00789924 /* CardModelTests.m */ = {isa = PBXFileReference; fileEncoding = 4; lastKnownFileType = sourcecode.c.objc; path = CardModelTests.m; sourceTree = "<group>"; };
		308AA7001B15954F00789924 /* KHBasicModel.h */ = {isa = PBXFileReference; fileEncoding = 4; lastKnownFileType = sourcecode.c.h; path = KHBasicModel.h; sourceTree = "<group>"; };
		308AA7011B15954F00789924 /* KHBasicModel.m */ = {isa = PBXFileReference; fileEncoding = 4; lastKnownFileType = sourcecode.c.objc; path = KHBasicModel.m; sourceTree = "<group>"; };
		308AA7031B15BADC00789924 /* KHImageFileModel.h */ = {isa = PBXFileReference; fileEncoding = 4; lastKnownFileType = sourcecode.c.h; path = KHImageFileModel.h; sourceTree = "<group>"; };
		308AA7041B15BADC00789924 /* KHImageFileModel.m */ = {isa = PBXFileReference; fileEncoding = 4; lastKnownFileType = sourcecode.c.objc; path = KHImageFileModel.m; sourceTree = "<group>"; };
		308AA7061B15BAEA00789924 /* KHUserModel.h */ = {isa = PBXFileReference; fileEncoding = 4; lastKnownFileType = sourcecode.c.h; path = KHUserModel.h; sourceTree = "<group>"; };
		308AA7071B15BAEA00789924 /* KHUserModel.m */ = {isa = PBXFileReference; fileEncoding = 4; lastKnownFileType = sourcecode.c.objc; path = KHUserModel.m; sourceTree = "<group>"; };
		308AA7091B15D45D00789924 /* ImageFileModelTests.m */ = {isa = PBXFileReference; fileEncoding = 4; lastKnownFileType = sourcecode.c.objc; path = ImageFileModelTests.m; sourceTree = "<group>"; };
		308AA70B1B16019000789924 /* ChatModelTests.m */ = {isa = PBXFileReference; fileEncoding = 4; lastKnownFileType = sourcecode.c.objc; path = ChatModelTests.m; sourceTree = "<group>"; };
		308AA70D1B16054100789924 /* KHRoomModel.h */ = {isa = PBXFileReference; fileEncoding = 4; lastKnownFileType = sourcecode.c.h; path = KHRoomModel.h; sourceTree = "<group>"; };
		308AA70E1B16054100789924 /* KHRoomModel.m */ = {isa = PBXFileReference; fileEncoding = 4; lastKnownFileType = sourcecode.c.objc; path = KHRoomModel.m; sourceTree = "<group>"; };
		308AA7101B16093D00789924 /* RoomModelTest.m */ = {isa = PBXFileReference; fileEncoding = 4; lastKnownFileType = sourcecode.c.objc; path = RoomModelTest.m; sourceTree = "<group>"; };
		308AA7131B16958100789924 /* CardCreationWorkFlowTests.m */ = {isa = PBXFileReference; fileEncoding = 4; lastKnownFileType = sourcecode.c.objc; path = CardCreationWorkFlowTests.m; sourceTree = "<group>"; };
		308AA7151B1695C600789924 /* KHCardTalkDataManager.h */ = {isa = PBXFileReference; fileEncoding = 4; lastKnownFileType = sourcecode.c.h; path = KHCardTalkDataManager.h; sourceTree = "<group>"; };
		308AA7161B1695C600789924 /* KHCardTalkDataManager.m */ = {isa = PBXFileReference; fileEncoding = 4; lastKnownFileType = sourcecode.c.objc; path = KHCardTalkDataManager.m; sourceTree = "<group>"; };
		308AA71A1B16999800789924 /* MockKHCardTalkDataManagerDelegate.h */ = {isa = PBXFileReference; fileEncoding = 4; lastKnownFileType = sourcecode.c.h; path = MockKHCardTalkDataManagerDelegate.h; sourceTree = "<group>"; };
		308AA71B1B16999800789924 /* MockKHCardTalkDataManagerDelegate.m */ = {isa = PBXFileReference; fileEncoding = 4; lastKnownFileType = sourcecode.c.objc; path = MockKHCardTalkDataManagerDelegate.m; sourceTree = "<group>"; };
		308AA71D1B169E9600789924 /* MockKHCardTalkCommunicator.h */ = {isa = PBXFileReference; fileEncoding = 4; lastKnownFileType = sourcecode.c.h; path = MockKHCardTalkCommunicator.h; sourceTree = "<group>"; };
		308AA71E1B169E9600789924 /* MockKHCardTalkCommunicator.m */ = {isa = PBXFileReference; fileEncoding = 4; lastKnownFileType = sourcecode.c.objc; path = MockKHCardTalkCommunicator.m; sourceTree = "<group>"; };
		308AA7201B16A37C00789924 /* KHCardTalkCommunicator.h */ = {isa = PBXFileReference; fileEncoding = 4; lastKnownFileType = sourcecode.c.h; path = KHCardTalkCommunicator.h; sourceTree = "<group>"; };
		308AA7211B16A37C00789924 /* KHCardTalkCommunicator.m */ = {isa = PBXFileReference; fileEncoding = 4; lastKnownFileType = sourcecode.c.objc; path = KHCardTalkCommunicator.m; sourceTree = "<group>"; };
		30BF3CB71B1DBB62008F4776 /* KHRealmCardModel.h */ = {isa = PBXFileReference; fileEncoding = 4; lastKnownFileType = sourcecode.c.h; path = KHRealmCardModel.h; sourceTree = "<group>"; };
		30BF3CB81B1DBB62008F4776 /* KHRealmCardModel.m */ = {isa = PBXFileReference; fileEncoding = 4; lastKnownFileType = sourcecode.c.objc; path = KHRealmCardModel.m; sourceTree = "<group>"; };
		30D212BE1B177974008E494C /* CardBuilderTests.m */ = {isa = PBXFileReference; fileEncoding = 4; lastKnownFileType = sourcecode.c.objc; path = CardBuilderTests.m; sourceTree = "<group>"; };
		30D212C01B17EE18008E494C /* CommunicatorTests.m */ = {isa = PBXFileReference; fileEncoding = 4; lastKnownFileType = sourcecode.c.objc; path = CommunicatorTests.m; sourceTree = "<group>"; };
		30D212C21B1802EC008E494C /* KHChatBuilder.h */ = {isa = PBXFileReference; fileEncoding = 4; lastKnownFileType = sourcecode.c.h; path = KHChatBuilder.h; sourceTree = "<group>"; };
		30D212C31B1802EC008E494C /* KHChatBuilder.m */ = {isa = PBXFileReference; fileEncoding = 4; lastKnownFileType = sourcecode.c.objc; path = KHChatBuilder.m; sourceTree = "<group>"; };
		30D212C51B180462008E494C /* KHCardTalkCommunicatorDelegate.h */ = {isa = PBXFileReference; lastKnownFileType = sourcecode.c.h; path = KHCardTalkCommunicatorDelegate.h; sourceTree = "<group>"; };
		30D212C61B18050F008E494C /* KHCardTalkManagerDelegate.h */ = {isa = PBXFileReference; lastKnownFileType = sourcecode.c.h; path = KHCardTalkManagerDelegate.h; sourceTree = "<group>"; };
		30D212CA1B187238008E494C /* KHImageStore.h */ = {isa = PBXFileReference; fileEncoding = 4; lastKnownFileType = sourcecode.c.h; path = KHImageStore.h; sourceTree = "<group>"; };
		30D212CB1B187238008E494C /* KHImageStore.m */ = {isa = PBXFileReference; fileEncoding = 4; lastKnownFileType = sourcecode.c.objc; path = KHImageStore.m; sourceTree = "<group>"; };
		30D212CD1B18725F008E494C /* KHRoomStore.h */ = {isa = PBXFileReference; fileEncoding = 4; lastKnownFileType = sourcecode.c.h; path = KHRoomStore.h; sourceTree = "<group>"; };
		30D212CE1B18725F008E494C /* KHRoomStore.m */ = {isa = PBXFileReference; fileEncoding = 4; lastKnownFileType = sourcecode.c.objc; path = KHRoomStore.m; sourceTree = "<group>"; };
		30D212D01B187275008E494C /* KHImageCommunicatorDelegate.h */ = {isa = PBXFileReference; lastKnownFileType = sourcecode.c.h; path = KHImageCommunicatorDelegate.h; sourceTree = "<group>"; };
		30D212D11B18728A008E494C /* KHImageCommunicator.h */ = {isa = PBXFileReference; fileEncoding = 4; lastKnownFileType = sourcecode.c.h; path = KHImageCommunicator.h; sourceTree = "<group>"; };
		30D212D21B18728A008E494C /* KHImageCommunicator.m */ = {isa = PBXFileReference; fileEncoding = 4; lastKnownFileType = sourcecode.c.objc; path = KHImageCommunicator.m; sourceTree = "<group>"; };
		30D212D51B187C61008E494C /* KHCardTalkObjectConfiguration.h */ = {isa = PBXFileReference; fileEncoding = 4; lastKnownFileType = sourcecode.c.h; path = KHCardTalkObjectConfiguration.h; sourceTree = "<group>"; };
		30D212D61B187C61008E494C /* KHCardTalkObjectConfiguration.m */ = {isa = PBXFileReference; fileEncoding = 4; lastKnownFileType = sourcecode.c.objc; path = KHCardTalkObjectConfiguration.m; sourceTree = "<group>"; };
		30E9FA101B18913700B8705C /* KHRealmTests.m */ = {isa = PBXFileReference; fileEncoding = 4; lastKnownFileType = sourcecode.c.objc; path = KHRealmTests.m; sourceTree = "<group>"; };
		30E9FA121B1894A200B8705C /* KHRealmTestRoomModel.h */ = {isa = PBXFileReference; fileEncoding = 4; lastKnownFileType = sourcecode.c.h; path = KHRealmTestRoomModel.h; sourceTree = "<group>"; };
		30E9FA131B1894A200B8705C /* KHRealmTestRoomModel.m */ = {isa = PBXFileReference; fileEncoding = 4; lastKnownFileType = sourcecode.c.objc; path = KHRealmTestRoomModel.m; sourceTree = "<group>"; };
		30E9FA161B1895CD00B8705C /* KHRealmTestChatModel.h */ = {isa = PBXFileReference; fileEncoding = 4; lastKnownFileType = sourcecode.c.h; path = KHRealmTestChatModel.h; sourceTree = "<group>"; };
		30E9FA171B1895CD00B8705C /* KHRealmTestChatModel.m */ = {isa = PBXFileReference; fileEncoding = 4; lastKnownFileType = sourcecode.c.objc; path = KHRealmTestChatModel.m; sourceTree = "<group>"; };
		30E9FA191B18977B00B8705C /* KHRealmTestUserModel.h */ = {isa = PBXFileReference; fileEncoding = 4; lastKnownFileType = sourcecode.c.h; path = KHRealmTestUserModel.h; sourceTree = "<group>"; };
		30E9FA1A1B18977B00B8705C /* KHRealmTestUserModel.m */ = {isa = PBXFileReference; fileEncoding = 4; lastKnownFileType = sourcecode.c.objc; path = KHRealmTestUserModel.m; sourceTree = "<group>"; };
		6D63C4BD3361E3C4941A74A4 /* libPods-CardTalkProject_Final.a */ = {isa = PBXFileReference; explicitFileType = archive.ar; includeInIndex = 0; path = "libPods-CardTalkProject_Final.a"; sourceTree = BUILT_PRODUCTS_DIR; };
		7CA74CF174B04AAA62EEB28D /* Pods-CardTalkProject_Final.release.xcconfig */ = {isa = PBXFileReference; includeInIndex = 1; lastKnownFileType = text.xcconfig; name = "Pods-CardTalkProject_Final.release.xcconfig"; path = "Pods/Target Support Files/Pods-CardTalkProject_Final/Pods-CardTalkProject_Final.release.xcconfig"; sourceTree = "<group>"; };
		A33D546310A2856FAD75C374 /* Pods-CardTalkProject_Final.debug.xcconfig */ = {isa = PBXFileReference; includeInIndex = 1; lastKnownFileType = text.xcconfig; name = "Pods-CardTalkProject_Final.debug.xcconfig"; path = "Pods/Target Support Files/Pods-CardTalkProject_Final/Pods-CardTalkProject_Final.debug.xcconfig"; sourceTree = "<group>"; };
		B25B18F02419B968437B4991 /* Pods-CardTalkProject_FinalTests.debug.xcconfig */ = {isa = PBXFileReference; includeInIndex = 1; lastKnownFileType = text.xcconfig; name = "Pods-CardTalkProject_FinalTests.debug.xcconfig"; path = "Pods/Target Support Files/Pods-CardTalkProject_FinalTests/Pods-CardTalkProject_FinalTests.debug.xcconfig"; sourceTree = "<group>"; };
		CB16E870C294BEAFAD8123F2 /* Pods-CardTalkProject_FinalTests.release.xcconfig */ = {isa = PBXFileReference; includeInIndex = 1; lastKnownFileType = text.xcconfig; name = "Pods-CardTalkProject_FinalTests.release.xcconfig"; path = "Pods/Target Support Files/Pods-CardTalkProject_FinalTests/Pods-CardTalkProject_FinalTests.release.xcconfig"; sourceTree = "<group>"; };
		E7648328F88BC5EE4E2B7A01 /* libPods-CardTalkProject_FinalTests.a */ = {isa = PBXFileReference; explicitFileType = archive.ar; includeInIndex = 0; path = "libPods-CardTalkProject_FinalTests.a"; sourceTree = BUILT_PRODUCTS_DIR; };
/* End PBXFileReference section */

/* Begin PBXFrameworksBuildPhase section */
		308AA6C31B1534A200789924 /* Frameworks */ = {
			isa = PBXFrameworksBuildPhase;
			buildActionMask = 2147483647;
			files = (
				0E7581F2AC2B7B2752E03F60 /* libPods-CardTalkProject_Final.a in Frameworks */,
			);
			runOnlyForDeploymentPostprocessing = 0;
		};
		308AA6DF1B1534A200789924 /* Frameworks */ = {
			isa = PBXFrameworksBuildPhase;
			buildActionMask = 2147483647;
			files = (
				41609274006D74C4A6172CD6 /* libPods-CardTalkProject_FinalTests.a in Frameworks */,
			);
			runOnlyForDeploymentPostprocessing = 0;
		};
/* End PBXFrameworksBuildPhase section */

/* Begin PBXGroup section */
		302B3D761B18DCD800BEBD99 /* DataSource */ = {
			isa = PBXGroup;
			children = (
				302B3D8E1B195CE000BEBD99 /* MainDataSource */,
			);
			name = DataSource;
			sourceTree = "<group>";
		};
		302B3D7A1B193BA500BEBD99 /* ViewController */ = {
			isa = PBXGroup;
			children = (
				302B3D8D1B195CBC00BEBD99 /* MainViewController */,
				305940FC1B1B88BC0067EBA8 /* WriteViewController */,
				302B3D7B1B193D0F00BEBD99 /* LoginViewController */,
			);
			name = ViewController;
			sourceTree = "<group>";
		};
		302B3D7B1B193D0F00BEBD99 /* LoginViewController */ = {
			isa = PBXGroup;
			children = (
				302B3DC11B1AA6C200BEBD99 /* KHLoginViewController.h */,
				302B3DC21B1AA6C200BEBD99 /* KHLoginViewController.m */,
				302B3DC41B1AA74B00BEBD99 /* KHLoginView.h */,
				302B3DC51B1AA74B00BEBD99 /* KHLoginView.m */,
			);
			name = LoginViewController;
			sourceTree = "<group>";
		};
		302B3D881B195B1E00BEBD99 /* Cell */ = {
			isa = PBXGroup;
			children = (
				302B3D8C1B195CAB00BEBD99 /* MainTableCell */,
			);
			name = Cell;
			sourceTree = "<group>";
		};
		302B3D8C1B195CAB00BEBD99 /* MainTableCell */ = {
			isa = PBXGroup;
			children = (
				302B3D891B195C2900BEBD99 /* KHMainImageViewCell.h */,
				302B3D8A1B195C2900BEBD99 /* KHMainImageViewCell.m */,
				305941061B1C0AB00067EBA8 /* ChatCell */,
				305941021B1BEE440067EBA8 /* MainDetailCell */,
			);
			name = MainTableCell;
			sourceTree = "<group>";
		};
		302B3D8D1B195CBC00BEBD99 /* MainViewController */ = {
			isa = PBXGroup;
			children = (
				302B3D7F1B194B6300BEBD99 /* KHMainViewController.h */,
				302B3D801B194B6300BEBD99 /* KHMainViewController.m */,
				305941011B1BE9170067EBA8 /* MainDetailViewController */,
			);
			name = MainViewController;
			sourceTree = "<group>";
		};
		302B3D8E1B195CE000BEBD99 /* MainDataSource */ = {
			isa = PBXGroup;
			children = (
				302B3D7C1B1940EE00BEBD99 /* KHMainTableViewDataSource.h */,
				302B3D7D1B1940EE00BEBD99 /* KHMainTableViewDataSource.m */,
				302B3D851B19524C00BEBD99 /* KHDetailTableViewDataSource.h */,
				302B3D861B19524C00BEBD99 /* KHDetailTableViewDataSource.m */,
			);
			name = MainDataSource;
			sourceTree = "<group>";
		};
		305940FC1B1B88BC0067EBA8 /* WriteViewController */ = {
			isa = PBXGroup;
			children = (
				305940FD1B1B88D50067EBA8 /* KHWriteViewController.h */,
				305940FE1B1B88D50067EBA8 /* KHWriteViewController.m */,
			);
			name = WriteViewController;
			sourceTree = "<group>";
		};
		305941011B1BE9170067EBA8 /* MainDetailViewController */ = {
			isa = PBXGroup;
			children = (
				302B3D821B19516900BEBD99 /* KHDetailViewController.h */,
				302B3D831B19516900BEBD99 /* KHDetailViewController.m */,
			);
			name = MainDetailViewController;
			sourceTree = "<group>";
		};
		305941021B1BEE440067EBA8 /* MainDetailCell */ = {
			isa = PBXGroup;
			children = (
				305941031B1BEED10067EBA8 /* KHDetailViewCell.h */,
				305941041B1BEED10067EBA8 /* KHDetailViewCell.m */,
			);
			name = MainDetailCell;
			sourceTree = "<group>";
		};
		305941061B1C0AB00067EBA8 /* ChatCell */ = {
			isa = PBXGroup;
			children = (
				305941071B1C0ACE0067EBA8 /* KHChatViewCell.h */,
				305941081B1C0ACE0067EBA8 /* KHChatViewCell.m */,
			);
			name = ChatCell;
			sourceTree = "<group>";
		};
		308AA6BD1B1534A200789924 = {
			isa = PBXGroup;
			children = (
				308AA6C81B1534A200789924 /* CardTalkProject_Final */,
				308AA6E51B1534A200789924 /* CardTalkProject_FinalTests */,
				308AA6C71B1534A200789924 /* Products */,
				331E23BAD62CDC15F21D8FD8 /* Pods */,
				8C99D89DB522459B09705C68 /* Frameworks */,
			);
			sourceTree = "<group>";
		};
		308AA6C71B1534A200789924 /* Products */ = {
			isa = PBXGroup;
			children = (
				308AA6C61B1534A200789924 /* CardTalkProject_Final.app */,
				308AA6E21B1534A200789924 /* CardTalkProject_FinalTests.xctest */,
			);
			name = Products;
			sourceTree = "<group>";
		};
		308AA6C81B1534A200789924 /* CardTalkProject_Final */ = {
			isa = PBXGroup;
			children = (
				30E9FA151B1894B300B8705C /* Test */,
				30D212D41B187C4F008E494C /* Configuration */,
				30D212C91B187225008E494C /* Store */,
				30D212C81B180538008E494C /* Builder */,
				30D212C71B180529008E494C /* Communicator */,
				308AA7121B161AE600789924 /* DataManager */,
				308AA6F21B1534D800789924 /* TabView */,
				308AA6F31B1534E500789924 /* Models */,
				308AA6CD1B1534A200789924 /* AppDelegate.h */,
				308AA6CE1B1534A200789924 /* AppDelegate.m */,
				308AA6D61B1534A200789924 /* Main.storyboard */,
				308AA6D91B1534A200789924 /* Images.xcassets */,
				308AA6DB1B1534A200789924 /* LaunchScreen.xib */,
				308AA6C91B1534A200789924 /* Supporting Files */,
			);
			path = CardTalkProject_Final;
			sourceTree = "<group>";
		};
		308AA6C91B1534A200789924 /* Supporting Files */ = {
			isa = PBXGroup;
			children = (
				308AA6CA1B1534A200789924 /* Info.plist */,
				308AA6CB1B1534A200789924 /* main.m */,
			);
			name = "Supporting Files";
			sourceTree = "<group>";
		};
		308AA6E51B1534A200789924 /* CardTalkProject_FinalTests */ = {
			isa = PBXGroup;
			children = (
				308AA6E61B1534A300789924 /* Supporting Files */,
				308AA70B1B16019000789924 /* ChatModelTests.m */,
				308AA7091B15D45D00789924 /* ImageFileModelTests.m */,
				308AA6FE1B15394D00789924 /* CardModelTests.m */,
				308AA6E81B1534A300789924 /* CardTalkProject_FinalTests.m */,
				308AA7101B16093D00789924 /* RoomModelTest.m */,
				308AA7131B16958100789924 /* CardCreationWorkFlowTests.m */,
				30D212BE1B177974008E494C /* CardBuilderTests.m */,
				30D212C01B17EE18008E494C /* CommunicatorTests.m */,
				30E9FA101B18913700B8705C /* KHRealmTests.m */,
				30593F911B1B521B0067EBA8 /* KHAMQPTests.m */,
			);
			path = CardTalkProject_FinalTests;
			sourceTree = "<group>";
		};
		308AA6E61B1534A300789924 /* Supporting Files */ = {
			isa = PBXGroup;
			children = (
				308AA6E71B1534A300789924 /* Info.plist */,
			);
			name = "Supporting Files";
			sourceTree = "<group>";
		};
		308AA6F21B1534D800789924 /* TabView */ = {
			isa = PBXGroup;
			children = (
				302B3D7A1B193BA500BEBD99 /* ViewController */,
				302B3D881B195B1E00BEBD99 /* Cell */,
				302B3D761B18DCD800BEBD99 /* DataSource */,
			);
			name = TabView;
			sourceTree = "<group>";
		};
		308AA6F31B1534E500789924 /* Models */ = {
			isa = PBXGroup;
			children = (
				308AA7001B15954F00789924 /* KHBasicModel.h */,
				308AA7011B15954F00789924 /* KHBasicModel.m */,
				308AA6F81B1535E100789924 /* KHCardModel.h */,
				308AA6F91B1535E100789924 /* KHCardModel.m */,
				308AA6FB1B1535F300789924 /* KHChatModel.h */,
				308AA6FC1B1535F300789924 /* KHChatModel.m */,
				308AA7031B15BADC00789924 /* KHImageFileModel.h */,
				308AA7041B15BADC00789924 /* KHImageFileModel.m */,
				308AA7061B15BAEA00789924 /* KHUserModel.h */,
				308AA7071B15BAEA00789924 /* KHUserModel.m */,
				308AA70D1B16054100789924 /* KHRoomModel.h */,
				308AA70E1B16054100789924 /* KHRoomModel.m */,
				302B3DC71B1B2B6E00BEBD99 /* KHHostModel.h */,
				302B3DC81B1B2B6E00BEBD99 /* KHHostModel.m */,
				30BF3CB71B1DBB62008F4776 /* KHRealmCardModel.h */,
				30BF3CB81B1DBB62008F4776 /* KHRealmCardModel.m */,
			);
			name = Models;
			sourceTree = "<group>";
		};
		308AA7121B161AE600789924 /* DataManager */ = {
			isa = PBXGroup;
			children = (
				30D212C61B18050F008E494C /* KHCardTalkManagerDelegate.h */,
				308AA7151B1695C600789924 /* KHCardTalkDataManager.h */,
				308AA7161B1695C600789924 /* KHCardTalkDataManager.m */,
			);
			name = DataManager;
			sourceTree = "<group>";
		};
		30D212C71B180529008E494C /* Communicator */ = {
			isa = PBXGroup;
			children = (
				30D212C51B180462008E494C /* KHCardTalkCommunicatorDelegate.h */,
				308AA7201B16A37C00789924 /* KHCardTalkCommunicator.h */,
				308AA7211B16A37C00789924 /* KHCardTalkCommunicator.m */,
				30D212D01B187275008E494C /* KHImageCommunicatorDelegate.h */,
				30D212D11B18728A008E494C /* KHImageCommunicator.h */,
				30D212D21B18728A008E494C /* KHImageCommunicator.m */,
			);
			name = Communicator;
			sourceTree = "<group>";
		};
		30D212C81B180538008E494C /* Builder */ = {
			isa = PBXGroup;
			children = (
				306F5E171B17210C00EC6A69 /* KHCardBuilder.h */,
				306F5E181B17210C00EC6A69 /* KHCardBuilder.m */,
				30D212C21B1802EC008E494C /* KHChatBuilder.h */,
				30D212C31B1802EC008E494C /* KHChatBuilder.m */,
			);
			name = Builder;
			sourceTree = "<group>";
		};
		30D212C91B187225008E494C /* Store */ = {
			isa = PBXGroup;
			children = (
				30D212CA1B187238008E494C /* KHImageStore.h */,
				30D212CB1B187238008E494C /* KHImageStore.m */,
				30D212CD1B18725F008E494C /* KHRoomStore.h */,
				30D212CE1B18725F008E494C /* KHRoomStore.m */,
			);
			name = Store;
			sourceTree = "<group>";
		};
		30D212D41B187C4F008E494C /* Configuration */ = {
			isa = PBXGroup;
			children = (
				30D212D51B187C61008E494C /* KHCardTalkObjectConfiguration.h */,
				30D212D61B187C61008E494C /* KHCardTalkObjectConfiguration.m */,
			);
			name = Configuration;
			sourceTree = "<group>";
		};
		30E9FA151B1894B300B8705C /* Test */ = {
			isa = PBXGroup;
			children = (
				306F5E141B16F8AF00EC6A69 /* FakeKHCardBuilder.h */,
				306F5E151B16F8AF00EC6A69 /* FakeKHCardBuilder.m */,
				308AA71D1B169E9600789924 /* MockKHCardTalkCommunicator.h */,
				308AA71E1B169E9600789924 /* MockKHCardTalkCommunicator.m */,
				308AA71A1B16999800789924 /* MockKHCardTalkDataManagerDelegate.h */,
				308AA71B1B16999800789924 /* MockKHCardTalkDataManagerDelegate.m */,
				30E9FA121B1894A200B8705C /* KHRealmTestRoomModel.h */,
				30E9FA131B1894A200B8705C /* KHRealmTestRoomModel.m */,
				30E9FA161B1895CD00B8705C /* KHRealmTestChatModel.h */,
				30E9FA171B1895CD00B8705C /* KHRealmTestChatModel.m */,
				30E9FA191B18977B00B8705C /* KHRealmTestUserModel.h */,
				30E9FA1A1B18977B00B8705C /* KHRealmTestUserModel.m */,
			);
			name = Test;
			sourceTree = "<group>";
		};
		331E23BAD62CDC15F21D8FD8 /* Pods */ = {
			isa = PBXGroup;
			children = (
				A33D546310A2856FAD75C374 /* Pods-CardTalkProject_Final.debug.xcconfig */,
				7CA74CF174B04AAA62EEB28D /* Pods-CardTalkProject_Final.release.xcconfig */,
				B25B18F02419B968437B4991 /* Pods-CardTalkProject_FinalTests.debug.xcconfig */,
				CB16E870C294BEAFAD8123F2 /* Pods-CardTalkProject_FinalTests.release.xcconfig */,
			);
			name = Pods;
			sourceTree = "<group>";
		};
		8C99D89DB522459B09705C68 /* Frameworks */ = {
			isa = PBXGroup;
			children = (
				30593FA31B1B57B50067EBA8 /* LICENSE.md */,
				30593F931B1B56120067EBA8 /* amqp_framing.h */,
				30593F941B1B56120067EBA8 /* amqp_hostcheck.h */,
				30593F951B1B56120067EBA8 /* amqp_private.h */,
				30593F961B1B56120067EBA8 /* amqp_socket.h */,
				30593F971B1B56120067EBA8 /* amqp_ssl_socket.h */,
				30593F981B1B56120067EBA8 /* amqp_tcp_socket.h */,
				30593F991B1B56120067EBA8 /* amqp_timer.h */,
				30593F9A1B1B56120067EBA8 /* amqp.h */,
				30593F651B1B500C0067EBA8 /* AMQPChannel.h */,
				30593F661B1B500C0067EBA8 /* AMQPChannel.m */,
				30593F671B1B500C0067EBA8 /* AMQPConnection.h */,
				30593F681B1B500C0067EBA8 /* AMQPConnection.m */,
				30593F691B1B500C0067EBA8 /* AMQPConsumer.h */,
				30593F6A1B1B500C0067EBA8 /* AMQPConsumer.m */,
				30593F6B1B1B500C0067EBA8 /* AMQPConsumerThread.h */,
				30593F6C1B1B500C0067EBA8 /* AMQPConsumerThread.m */,
				30593F6D1B1B500C0067EBA8 /* AMQPConsumerThreadDelegate.h */,
				30593F6E1B1B500C0067EBA8 /* AMQPExchange.h */,
				30593F6F1B1B500C0067EBA8 /* AMQPExchange.m */,
				30593F701B1B500C0067EBA8 /* AMQPExchange+Additions.h */,
				30593F711B1B500C0067EBA8 /* AMQPExchange+Additions.m */,
				30593F721B1B500C0067EBA8 /* AMQPMessage.h */,
				30593F731B1B500C0067EBA8 /* AMQPMessage.m */,
				30593F741B1B500C0067EBA8 /* AMQPObject.h */,
				30593F751B1B500C0067EBA8 /* AMQPObject.m */,
				30593F761B1B500C0067EBA8 /* AMQPQueue.h */,
				30593F771B1B500C0067EBA8 /* AMQPQueue.m */,
				30593F781B1B500C0067EBA8 /* AMQPTTLManager.h */,
				30593F791B1B500C0067EBA8 /* AMQPTTLManager.m */,
				30593F7A1B1B500C0067EBA8 /* AMQPWrapper.h */,
				30593F621B1B4FCF0067EBA8 /* librabbitmq.a */,
				30593F2F1B1B4D840067EBA8 /* librabbitmq-objc */,
				6D63C4BD3361E3C4941A74A4 /* libPods-CardTalkProject_Final.a */,
				E7648328F88BC5EE4E2B7A01 /* libPods-CardTalkProject_FinalTests.a */,
			);
			name = Frameworks;
			sourceTree = "<group>";
		};
/* End PBXGroup section */

/* Begin PBXNativeTarget section */
		308AA6C51B1534A200789924 /* CardTalkProject_Final */ = {
			isa = PBXNativeTarget;
			buildConfigurationList = 308AA6EC1B1534A300789924 /* Build configuration list for PBXNativeTarget "CardTalkProject_Final" */;
			buildPhases = (
				77A3C3996823774248290CE2 /* Check Pods Manifest.lock */,
				308AA6C21B1534A200789924 /* Sources */,
				308AA6C31B1534A200789924 /* Frameworks */,
				308AA6C41B1534A200789924 /* Resources */,
				93D292C103D08B31315F7A6C /* Copy Pods Resources */,
			);
			buildRules = (
			);
			dependencies = (
			);
			name = CardTalkProject_Final;
			productName = CardTalkProject_Final;
			productReference = 308AA6C61B1534A200789924 /* CardTalkProject_Final.app */;
			productType = "com.apple.product-type.application";
		};
		308AA6E11B1534A200789924 /* CardTalkProject_FinalTests */ = {
			isa = PBXNativeTarget;
			buildConfigurationList = 308AA6EF1B1534A300789924 /* Build configuration list for PBXNativeTarget "CardTalkProject_FinalTests" */;
			buildPhases = (
				DFF78F03F2F23C6F2D43BF6D /* Check Pods Manifest.lock */,
				308AA6DE1B1534A200789924 /* Sources */,
				308AA6DF1B1534A200789924 /* Frameworks */,
				308AA6E01B1534A200789924 /* Resources */,
				85DC50C18C7FC334FEEBE817 /* Copy Pods Resources */,
			);
			buildRules = (
			);
			dependencies = (
				308AA6E41B1534A200789924 /* PBXTargetDependency */,
			);
			name = CardTalkProject_FinalTests;
			productName = CardTalkProject_FinalTests;
			productReference = 308AA6E21B1534A200789924 /* CardTalkProject_FinalTests.xctest */;
			productType = "com.apple.product-type.bundle.unit-test";
		};
/* End PBXNativeTarget section */

/* Begin PBXProject section */
		308AA6BE1B1534A200789924 /* Project object */ = {
			isa = PBXProject;
			attributes = {
				CLASSPREFIX = KH;
				LastUpgradeCheck = 0630;
				ORGANIZATIONNAME = "Hyungjin Ko";
				TargetAttributes = {
					308AA6C51B1534A200789924 = {
						CreatedOnToolsVersion = 6.3.2;
						DevelopmentTeam = 39WT95YDMW;
					};
					308AA6E11B1534A200789924 = {
						CreatedOnToolsVersion = 6.3.2;
						TestTargetID = 308AA6C51B1534A200789924;
					};
				};
			};
			buildConfigurationList = 308AA6C11B1534A200789924 /* Build configuration list for PBXProject "CardTalkProject_Final" */;
			compatibilityVersion = "Xcode 3.2";
			developmentRegion = English;
			hasScannedForEncodings = 0;
			knownRegions = (
				en,
				Base,
			);
			mainGroup = 308AA6BD1B1534A200789924;
			productRefGroup = 308AA6C71B1534A200789924 /* Products */;
			projectDirPath = "";
			projectRoot = "";
			targets = (
				308AA6C51B1534A200789924 /* CardTalkProject_Final */,
				308AA6E11B1534A200789924 /* CardTalkProject_FinalTests */,
			);
		};
/* End PBXProject section */

/* Begin PBXResourcesBuildPhase section */
		308AA6C41B1534A200789924 /* Resources */ = {
			isa = PBXResourcesBuildPhase;
			buildActionMask = 2147483647;
			files = (
				308AA6D81B1534A200789924 /* Main.storyboard in Resources */,
				308AA6DD1B1534A200789924 /* LaunchScreen.xib in Resources */,
				308AA6DA1B1534A200789924 /* Images.xcassets in Resources */,
			);
			runOnlyForDeploymentPostprocessing = 0;
		};
		308AA6E01B1534A200789924 /* Resources */ = {
			isa = PBXResourcesBuildPhase;
			buildActionMask = 2147483647;
			files = (
			);
			runOnlyForDeploymentPostprocessing = 0;
		};
/* End PBXResourcesBuildPhase section */

/* Begin PBXShellScriptBuildPhase section */
		77A3C3996823774248290CE2 /* Check Pods Manifest.lock */ = {
			isa = PBXShellScriptBuildPhase;
			buildActionMask = 2147483647;
			files = (
			);
			inputPaths = (
			);
			name = "Check Pods Manifest.lock";
			outputPaths = (
			);
			runOnlyForDeploymentPostprocessing = 0;
			shellPath = /bin/sh;
			shellScript = "diff \"${PODS_ROOT}/../Podfile.lock\" \"${PODS_ROOT}/Manifest.lock\" > /dev/null\nif [[ $? != 0 ]] ; then\n    cat << EOM\nerror: The sandbox is not in sync with the Podfile.lock. Run 'pod install' or update your CocoaPods installation.\nEOM\n    exit 1\nfi\n";
			showEnvVarsInLog = 0;
		};
		85DC50C18C7FC334FEEBE817 /* Copy Pods Resources */ = {
			isa = PBXShellScriptBuildPhase;
			buildActionMask = 2147483647;
			files = (
			);
			inputPaths = (
			);
			name = "Copy Pods Resources";
			outputPaths = (
			);
			runOnlyForDeploymentPostprocessing = 0;
			shellPath = /bin/sh;
			shellScript = "\"${SRCROOT}/Pods/Target Support Files/Pods-CardTalkProject_FinalTests/Pods-CardTalkProject_FinalTests-resources.sh\"\n";
			showEnvVarsInLog = 0;
		};
		93D292C103D08B31315F7A6C /* Copy Pods Resources */ = {
			isa = PBXShellScriptBuildPhase;
			buildActionMask = 2147483647;
			files = (
			);
			inputPaths = (
			);
			name = "Copy Pods Resources";
			outputPaths = (
			);
			runOnlyForDeploymentPostprocessing = 0;
			shellPath = /bin/sh;
			shellScript = "\"${SRCROOT}/Pods/Target Support Files/Pods-CardTalkProject_Final/Pods-CardTalkProject_Final-resources.sh\"\n";
			showEnvVarsInLog = 0;
		};
		DFF78F03F2F23C6F2D43BF6D /* Check Pods Manifest.lock */ = {
			isa = PBXShellScriptBuildPhase;
			buildActionMask = 2147483647;
			files = (
			);
			inputPaths = (
			);
			name = "Check Pods Manifest.lock";
			outputPaths = (
			);
			runOnlyForDeploymentPostprocessing = 0;
			shellPath = /bin/sh;
			shellScript = "diff \"${PODS_ROOT}/../Podfile.lock\" \"${PODS_ROOT}/Manifest.lock\" > /dev/null\nif [[ $? != 0 ]] ; then\n    cat << EOM\nerror: The sandbox is not in sync with the Podfile.lock. Run 'pod install' or update your CocoaPods installation.\nEOM\n    exit 1\nfi\n";
			showEnvVarsInLog = 0;
		};
/* End PBXShellScriptBuildPhase section */

/* Begin PBXSourcesBuildPhase section */
		308AA6C21B1534A200789924 /* Sources */ = {
			isa = PBXSourcesBuildPhase;
			buildActionMask = 2147483647;
			files = (
				30D212D31B18728A008E494C /* KHImageCommunicator.m in Sources */,
				308AA7081B15BAEA00789924 /* KHUserModel.m in Sources */,
				308AA70F1B16054100789924 /* KHRoomModel.m in Sources */,
				305941091B1C0ACE0067EBA8 /* KHChatViewCell.m in Sources */,
				308AA6FD1B1535F300789924 /* KHChatModel.m in Sources */,
				30E9FA141B1894A200B8705C /* KHRealmTestRoomModel.m in Sources */,
				30D212D71B187C61008E494C /* KHCardTalkObjectConfiguration.m in Sources */,
				308AA6CF1B1534A200789924 /* AppDelegate.m in Sources */,
				30D212CF1B18725F008E494C /* KHRoomStore.m in Sources */,
				30D212CC1B187238008E494C /* KHImageStore.m in Sources */,
				302B3D7E1B1940EE00BEBD99 /* KHMainTableViewDataSource.m in Sources */,
				30E9FA1B1B18977B00B8705C /* KHRealmTestUserModel.m in Sources */,
				305940FF1B1B88D50067EBA8 /* KHWriteViewController.m in Sources */,
				302B3DC31B1AA6C200BEBD99 /* KHLoginViewController.m in Sources */,
				308AA7221B16A37C00789924 /* KHCardTalkCommunicator.m in Sources */,
				30D212C41B1802EC008E494C /* KHChatBuilder.m in Sources */,
				302B3D871B19524C00BEBD99 /* KHDetailTableViewDataSource.m in Sources */,
				308AA6CC1B1534A200789924 /* main.m in Sources */,
				308AA7171B1695C600789924 /* KHCardTalkDataManager.m in Sources */,
				305941051B1BEED10067EBA8 /* KHDetailViewCell.m in Sources */,
				308AA6FA1B1535E100789924 /* KHCardModel.m in Sources */,
				306F5E191B17210C00EC6A69 /* KHCardBuilder.m in Sources */,
				302B3D811B194B6300BEBD99 /* KHMainViewController.m in Sources */,
				302B3D841B19516900BEBD99 /* KHDetailViewController.m in Sources */,
				308AA7051B15BADC00789924 /* KHImageFileModel.m in Sources */,
				30E9FA181B1895CD00B8705C /* KHRealmTestChatModel.m in Sources */,
				302B3DC91B1B2B6E00BEBD99 /* KHHostModel.m in Sources */,
				30BF3CB91B1DBB62008F4776 /* KHRealmCardModel.m in Sources */,
				302B3DC61B1AA74B00BEBD99 /* KHLoginView.m in Sources */,
				302B3D8B1B195C2900BEBD99 /* KHMainImageViewCell.m in Sources */,
				308AA7021B15954F00789924 /* KHBasicModel.m in Sources */,
			);
			runOnlyForDeploymentPostprocessing = 0;
		};
		308AA6DE1B1534A200789924 /* Sources */ = {
			isa = PBXSourcesBuildPhase;
			buildActionMask = 2147483647;
			files = (
				308AA6E91B1534A300789924 /* CardTalkProject_FinalTests.m in Sources */,
				308AA71C1B16999800789924 /* MockKHCardTalkDataManagerDelegate.m in Sources */,
				308AA7141B16958100789924 /* CardCreationWorkFlowTests.m in Sources */,
				308AA71F1B169E9600789924 /* MockKHCardTalkCommunicator.m in Sources */,
				308AA70A1B15D45D00789924 /* ImageFileModelTests.m in Sources */,
				30D212BF1B177974008E494C /* CardBuilderTests.m in Sources */,
				30D212C11B17EE18008E494C /* CommunicatorTests.m in Sources */,
				308AA7111B16093D00789924 /* RoomModelTest.m in Sources */,
				30E9FA111B18913700B8705C /* KHRealmTests.m in Sources */,
				308AA6FF1B15394D00789924 /* CardModelTests.m in Sources */,
				308AA7181B1695C600789924 /* KHCardTalkDataManager.m in Sources */,
				30593F921B1B521B0067EBA8 /* KHAMQPTests.m in Sources */,
				306F5E161B16F8AF00EC6A69 /* FakeKHCardBuilder.m in Sources */,
				308AA70C1B16019000789924 /* ChatModelTests.m in Sources */,
			);
			runOnlyForDeploymentPostprocessing = 0;
		};
/* End PBXSourcesBuildPhase section */

/* Begin PBXTargetDependency section */
		308AA6E41B1534A200789924 /* PBXTargetDependency */ = {
			isa = PBXTargetDependency;
			target = 308AA6C51B1534A200789924 /* CardTalkProject_Final */;
			targetProxy = 308AA6E31B1534A200789924 /* PBXContainerItemProxy */;
		};
/* End PBXTargetDependency section */

/* Begin PBXVariantGroup section */
		308AA6D61B1534A200789924 /* Main.storyboard */ = {
			isa = PBXVariantGroup;
			children = (
				308AA6D71B1534A200789924 /* Base */,
			);
			name = Main.storyboard;
			sourceTree = "<group>";
		};
		308AA6DB1B1534A200789924 /* LaunchScreen.xib */ = {
			isa = PBXVariantGroup;
			children = (
				308AA6DC1B1534A200789924 /* Base */,
			);
			name = LaunchScreen.xib;
			sourceTree = "<group>";
		};
/* End PBXVariantGroup section */

/* Begin XCBuildConfiguration section */
		308AA6EA1B1534A300789924 /* Debug */ = {
			isa = XCBuildConfiguration;
			buildSettings = {
				ALWAYS_SEARCH_USER_PATHS = NO;
				ARCHS = (
					"$(ARCHS_STANDARD)",
					"$(ARCHS_STANDARD_32_BIT)",
				);
				CLANG_CXX_LANGUAGE_STANDARD = "gnu++0x";
				CLANG_CXX_LIBRARY = "libc++";
				CLANG_ENABLE_MODULES = YES;
				CLANG_ENABLE_OBJC_ARC = YES;
				CLANG_WARN_BOOL_CONVERSION = YES;
				CLANG_WARN_CONSTANT_CONVERSION = YES;
				CLANG_WARN_DIRECT_OBJC_ISA_USAGE = YES_ERROR;
				CLANG_WARN_EMPTY_BODY = YES;
				CLANG_WARN_ENUM_CONVERSION = YES;
				CLANG_WARN_INT_CONVERSION = YES;
				CLANG_WARN_OBJC_ROOT_CLASS = YES_ERROR;
				CLANG_WARN_UNREACHABLE_CODE = YES;
				CLANG_WARN__DUPLICATE_METHOD_MATCH = YES;
				"CODE_SIGN_IDENTITY[sdk=iphoneos*]" = "iPhone Developer";
				COPY_PHASE_STRIP = NO;
				DEBUG_INFORMATION_FORMAT = "dwarf-with-dsym";
				ENABLE_STRICT_OBJC_MSGSEND = YES;
				GCC_C_LANGUAGE_STANDARD = gnu99;
				GCC_DYNAMIC_NO_PIC = NO;
				GCC_NO_COMMON_BLOCKS = YES;
				GCC_OPTIMIZATION_LEVEL = 0;
				GCC_PREPROCESSOR_DEFINITIONS = (
					"DEBUG=1",
					"$(inherited)",
				);
				GCC_SYMBOLS_PRIVATE_EXTERN = NO;
				GCC_WARN_64_TO_32_BIT_CONVERSION = YES;
				GCC_WARN_ABOUT_RETURN_TYPE = YES_ERROR;
				GCC_WARN_UNDECLARED_SELECTOR = YES;
				GCC_WARN_UNINITIALIZED_AUTOS = YES_AGGRESSIVE;
				GCC_WARN_UNUSED_FUNCTION = YES;
				GCC_WARN_UNUSED_VARIABLE = YES;
				HEADER_SEARCH_PATHS = (
					"$(inherited)",
					/Applications/Xcode.app/Contents/Developer/Toolchains/XcodeDefault.xctoolchain/usr/include,
					"/Users/fodrh/Documents/original-c-rabbitmq/librabbitmq/**",
				);
				IPHONEOS_DEPLOYMENT_TARGET = 8.3;
				LIBRARY_SEARCH_PATHS = (
					"/Users/fodrh/Documents/librabbitmq-objc/rabbitmq-c/**",
					"/Users/fodrh/Documents/librabbitmq-objc/**",
				);
				MTL_ENABLE_DEBUG_INFO = YES;
				ONLY_ACTIVE_ARCH = YES;
				OTHER_LDFLAGS = (
					"-all_load",
					"-ObjC",
				);
				SDKROOT = iphoneos;
				SUPPORTED_PLATFORMS = "iphonesimulator iphoneos";
				VALID_ARCHS = "arm64 armv7 armv7s i386";
			};
			name = Debug;
		};
		308AA6EB1B1534A300789924 /* Release */ = {
			isa = XCBuildConfiguration;
			buildSettings = {
				ALWAYS_SEARCH_USER_PATHS = NO;
				ARCHS = (
					"$(ARCHS_STANDARD)",
					"$(ARCHS_STANDARD_32_BIT)",
				);
				CLANG_CXX_LANGUAGE_STANDARD = "gnu++0x";
				CLANG_CXX_LIBRARY = "libc++";
				CLANG_ENABLE_MODULES = YES;
				CLANG_ENABLE_OBJC_ARC = YES;
				CLANG_WARN_BOOL_CONVERSION = YES;
				CLANG_WARN_CONSTANT_CONVERSION = YES;
				CLANG_WARN_DIRECT_OBJC_ISA_USAGE = YES_ERROR;
				CLANG_WARN_EMPTY_BODY = YES;
				CLANG_WARN_ENUM_CONVERSION = YES;
				CLANG_WARN_INT_CONVERSION = YES;
				CLANG_WARN_OBJC_ROOT_CLASS = YES_ERROR;
				CLANG_WARN_UNREACHABLE_CODE = YES;
				CLANG_WARN__DUPLICATE_METHOD_MATCH = YES;
				"CODE_SIGN_IDENTITY[sdk=iphoneos*]" = "iPhone Developer";
				COPY_PHASE_STRIP = NO;
				DEBUG_INFORMATION_FORMAT = "dwarf-with-dsym";
				ENABLE_NS_ASSERTIONS = NO;
				ENABLE_STRICT_OBJC_MSGSEND = YES;
				GCC_C_LANGUAGE_STANDARD = gnu99;
				GCC_NO_COMMON_BLOCKS = YES;
				GCC_WARN_64_TO_32_BIT_CONVERSION = YES;
				GCC_WARN_ABOUT_RETURN_TYPE = YES_ERROR;
				GCC_WARN_UNDECLARED_SELECTOR = YES;
				GCC_WARN_UNINITIALIZED_AUTOS = YES_AGGRESSIVE;
				GCC_WARN_UNUSED_FUNCTION = YES;
				GCC_WARN_UNUSED_VARIABLE = YES;
				HEADER_SEARCH_PATHS = (
					"$(inherited)",
					/Applications/Xcode.app/Contents/Developer/Toolchains/XcodeDefault.xctoolchain/usr/include,
					"/Users/fodrh/Documents/original-c-rabbitmq/librabbitmq/**",
				);
				IPHONEOS_DEPLOYMENT_TARGET = 8.3;
				LIBRARY_SEARCH_PATHS = (
					"/Users/fodrh/Documents/librabbitmq-objc/rabbitmq-c/**",
					"/Users/fodrh/Documents/librabbitmq-objc/**",
				);
				MTL_ENABLE_DEBUG_INFO = NO;
				ONLY_ACTIVE_ARCH = YES;
				OTHER_LDFLAGS = (
					"-all_load",
					"-ObjC",
				);
				SDKROOT = iphoneos;
				SUPPORTED_PLATFORMS = "iphonesimulator iphoneos";
				VALIDATE_PRODUCT = YES;
				VALID_ARCHS = "arm64 armv7 armv7s i386";
			};
			name = Release;
		};
		308AA6ED1B1534A300789924 /* Debug */ = {
			isa = XCBuildConfiguration;
			baseConfigurationReference = A33D546310A2856FAD75C374 /* Pods-CardTalkProject_Final.debug.xcconfig */;
			buildSettings = {
				ASSETCATALOG_COMPILER_APPICON_NAME = AppIcon;
				CODE_SIGN_IDENTITY = "iPhone Developer";
				INFOPLIST_FILE = CardTalkProject_Final/Info.plist;
				LD_RUNPATH_SEARCH_PATHS = "$(inherited) @executable_path/Frameworks";
				LIBRARY_SEARCH_PATHS = (
					"$(inherited)",
					"/Users/fodrh/Documents/librabbitmq-objc/rabbitmq-c",
				);
				PRODUCT_NAME = "$(TARGET_NAME)";
			};
			name = Debug;
		};
		308AA6EE1B1534A300789924 /* Release */ = {
			isa = XCBuildConfiguration;
			baseConfigurationReference = 7CA74CF174B04AAA62EEB28D /* Pods-CardTalkProject_Final.release.xcconfig */;
			buildSettings = {
				ASSETCATALOG_COMPILER_APPICON_NAME = AppIcon;
				CODE_SIGN_IDENTITY = "iPhone Developer";
				INFOPLIST_FILE = CardTalkProject_Final/Info.plist;
				LD_RUNPATH_SEARCH_PATHS = "$(inherited) @executable_path/Frameworks";
				LIBRARY_SEARCH_PATHS = (
					"$(inherited)",
					"/Users/fodrh/Documents/librabbitmq-objc/rabbitmq-c",
				);
				PRODUCT_NAME = "$(TARGET_NAME)";
			};
			name = Release;
		};
		308AA6F01B1534A300789924 /* Debug */ = {
			isa = XCBuildConfiguration;
			baseConfigurationReference = B25B18F02419B968437B4991 /* Pods-CardTalkProject_FinalTests.debug.xcconfig */;
			buildSettings = {
				BUNDLE_LOADER = "$(TEST_HOST)";
				FRAMEWORK_SEARCH_PATHS = (
					"$(SDKROOT)/Developer/Library/Frameworks",
					"$(inherited)",
				);
				GCC_PREPROCESSOR_DEFINITIONS = (
					"DEBUG=1",
					"$(inherited)",
				);
				HEADER_SEARCH_PATHS = (
					"$(inherited)",
					"\"${PODS_ROOT}/Headers/Public\"",
					"\"${PODS_ROOT}/Headers/Public/Realm\"",
					"\"${PODS_ROOT}/Headers/Public/Realm/realm\"",
					"/Users/fodrh/Documents/librabbitmq-objc/rabbitmq-c",
					"/Users/fodrh/Documents/librabbitmq-objc/**",
				);
				INFOPLIST_FILE = CardTalkProject_FinalTests/Info.plist;
				LD_RUNPATH_SEARCH_PATHS = "$(inherited) @executable_path/Frameworks @loader_path/Frameworks";
				LIBRARY_SEARCH_PATHS = (
					"$(inherited)",
					"/Users/fodrh/Documents/librabbitmq-objc/rabbitmq-c",
					"/Users/fodrh/Documents/librabbitmq-objc",
				);
				OTHER_LDFLAGS = (
					"$(inherited)",
					"-ObjC",
					"-l\"c++\"",
					"-all_load",
				);
				PRODUCT_NAME = "$(TARGET_NAME)";
				TEST_HOST = "$(BUILT_PRODUCTS_DIR)/CardTalkProject_Final.app/CardTalkProject_Final";
			};
			name = Debug;
		};
		308AA6F11B1534A300789924 /* Release */ = {
			isa = XCBuildConfiguration;
			baseConfigurationReference = CB16E870C294BEAFAD8123F2 /* Pods-CardTalkProject_FinalTests.release.xcconfig */;
			buildSettings = {
				BUNDLE_LOADER = "$(TEST_HOST)";
				FRAMEWORK_SEARCH_PATHS = (
					"$(SDKROOT)/Developer/Library/Frameworks",
					"$(inherited)",
				);
				HEADER_SEARCH_PATHS = (
					"$(inherited)",
					"\"${PODS_ROOT}/Headers/Public\"",
					"\"${PODS_ROOT}/Headers/Public/Realm\"",
					"\"${PODS_ROOT}/Headers/Public/Realm/realm\"",
					"/Users/fodrh/Documents/librabbitmq-objc/rabbitmq-c",
					"/Users/fodrh/Documents/librabbitmq-objc/**",
				);
				INFOPLIST_FILE = CardTalkProject_FinalTests/Info.plist;
				LD_RUNPATH_SEARCH_PATHS = "$(inherited) @executable_path/Frameworks @loader_path/Frameworks";
				LIBRARY_SEARCH_PATHS = (
					"$(inherited)",
					"/Users/fodrh/Documents/librabbitmq-objc/rabbitmq-c",
					"/Users/fodrh/Documents/librabbitmq-objc",
				);
				OTHER_LDFLAGS = (
					"$(inherited)",
					"-ObjC",
					"-l\"c++\"",
					"-all_load",
				);
				PRODUCT_NAME = "$(TARGET_NAME)";
				TEST_HOST = "$(BUILT_PRODUCTS_DIR)/CardTalkProject_Final.app/CardTalkProject_Final";
			};
			name = Release;
		};
/* End XCBuildConfiguration section */

/* Begin XCConfigurationList section */
		308AA6C11B1534A200789924 /* Build configuration list for PBXProject "CardTalkProject_Final" */ = {
			isa = XCConfigurationList;
			buildConfigurations = (
				308AA6EA1B1534A300789924 /* Debug */,
				308AA6EB1B1534A300789924 /* Release */,
			);
			defaultConfigurationIsVisible = 0;
			defaultConfigurationName = Release;
		};
		308AA6EC1B1534A300789924 /* Build configuration list for PBXNativeTarget "CardTalkProject_Final" */ = {
			isa = XCConfigurationList;
			buildConfigurations = (
				308AA6ED1B1534A300789924 /* Debug */,
				308AA6EE1B1534A300789924 /* Release */,
			);
			defaultConfigurationIsVisible = 0;
			defaultConfigurationName = Release;
		};
		308AA6EF1B1534A300789924 /* Build configuration list for PBXNativeTarget "CardTalkProject_FinalTests" */ = {
			isa = XCConfigurationList;
			buildConfigurations = (
				308AA6F01B1534A300789924 /* Debug */,
				308AA6F11B1534A300789924 /* Release */,
			);
			defaultConfigurationIsVisible = 0;
			defaultConfigurationName = Release;
		};
/* End XCConfigurationList section */
	};
	rootObject = 308AA6BE1B1534A200789924 /* Project object */;
}
